
Microsoft Visual Studio Solution File, Format Version 12.00
# Visual Studio Version 17
VisualStudioVersion = 17.14.36301.6 d17.14
MinimumVisualStudioVersion = 10.0.40219.1
Project("{FAE04EC0-301F-11D3-BF4B-00C04F79EFBC}") = "IOChat.Api", "IOChat.Api\IOChat.Api.csproj", "{C27DFCE9-EAC1-48EB-B6E1-B11849519E2C}"
EndProject
Global
	GlobalSection(SolutionConfigurationPlatforms) = preSolution
		Debug|Any CPU = Debug|Any CPU
		Release|Any CPU = Release|Any CPU
	EndGlobalSection
	GlobalSection(ProjectConfigurationPlatforms) = postSolution
		{C27DFCE9-EAC1-48EB-B6E1-B11849519E2C}.Debug|Any CPU.ActiveCfg = Debug|Any CPU
		{C27DFCE9-EAC1-48EB-B6E1-B11849519E2C}.Debug|Any CPU.Build.0 = Debug|Any CPU
		{C27DFCE9-EAC1-48EB-B6E1-B11849519E2C}.Release|Any CPU.ActiveCfg = Release|Any CPU
		{C27DFCE9-EAC1-48EB-B6E1-B11849519E2C}.Release|Any CPU.Build.0 = Release|Any CPU
	EndGlobalSection
	GlobalSection(SolutionProperties) = preSolution
		HideSolutionNode = FALSE
	EndGlobalSection
	GlobalSection(ExtensibilityGlobals) = postSolution
		SolutionGuid = {9C58DF8D-CE88-459E-B096-22D6ADD2C34F}
	EndGlobalSection
EndGlobal
